
Microsoft Visual Studio Solution File, Format Version 12.00
# Visual Studio Version 17
VisualStudioVersion = 17.0.32014.148
MinimumVisualStudioVersion = 10.0.40219.1
Project("{FAE04EC0-301F-11D3-BF4B-00C04F79EFBC}") = "LineComparisionProblem", "LineComparisionProblem\LineComparisionProblem.csproj", "{DBACA3DD-9E95-4AA8-86D6-5C656E1EC9DE}"
EndProject
Global
	GlobalSection(SolutionConfigurationPlatforms) = preSolution
		Debug|Any CPU = Debug|Any CPU
		Release|Any CPU = Release|Any CPU
	EndGlobalSection
	GlobalSection(ProjectConfigurationPlatforms) = postSolution
		{DBACA3DD-9E95-4AA8-86D6-5C656E1EC9DE}.Debug|Any CPU.ActiveCfg = Debug|Any CPU
		{DBACA3DD-9E95-4AA8-86D6-5C656E1EC9DE}.Debug|Any CPU.Build.0 = Debug|Any CPU
		{DBACA3DD-9E95-4AA8-86D6-5C656E1EC9DE}.Release|Any CPU.ActiveCfg = Release|Any CPU
		{DBACA3DD-9E95-4AA8-86D6-5C656E1EC9DE}.Release|Any CPU.Build.0 = Release|Any CPU
	EndGlobalSection
	GlobalSection(SolutionProperties) = preSolution
		HideSolutionNode = FALSE
	EndGlobalSection
	GlobalSection(ExtensibilityGlobals) = postSolution
		SolutionGuid = {334E0DB7-BBFF-48BC-89AE-F5267F925C3A}
	EndGlobalSection
EndGlobal
